// !$*UTF8*$!
{
	archiveVersion = 1;
	classes = {
	};
	objectVersion = 50;
	objects = {

/* Begin PBXBuildFile section */
		0B2CCDFB20D78A9200C143ED /* ChannelsViewController.m in Sources */ = {isa = PBXBuildFile; fileRef = 0B2CCDF920D78A9200C143ED /* ChannelsViewController.m */; };
		0B2CCDFC20D78A9200C143ED /* ChannelsViewController.xib in Resources */ = {isa = PBXBuildFile; fileRef = 0B2CCDFA20D78A9200C143ED /* ChannelsViewController.xib */; };
		0B2CCDFF20D7930A00C143ED /* ChatViewController.m in Sources */ = {isa = PBXBuildFile; fileRef = 0B2CCDFE20D7930A00C143ED /* ChatViewController.m */; };
		0B363F1F20D16F2F00978BDA /* AppDelegate.m in Sources */ = {isa = PBXBuildFile; fileRef = 0B363F1E20D16F2F00978BDA /* AppDelegate.m */; };
		0B363F2720D16F3100978BDA /* Assets.xcassets in Resources */ = {isa = PBXBuildFile; fileRef = 0B363F2620D16F3100978BDA /* Assets.xcassets */; };
		0B363F2A20D16F3100978BDA /* LaunchScreen.storyboard in Resources */ = {isa = PBXBuildFile; fileRef = 0B363F2820D16F3100978BDA /* LaunchScreen.storyboard */; };
		0B363F2D20D16F3100978BDA /* main.m in Sources */ = {isa = PBXBuildFile; fileRef = 0B363F2C20D16F3100978BDA /* main.m */; };
		0B363F3720D16F3100978BDA /* Chatter_iOSTests.m in Sources */ = {isa = PBXBuildFile; fileRef = 0B363F3620D16F3100978BDA /* Chatter_iOSTests.m */; };
		0B363F4220D16F3100978BDA /* Chatter_iOSUITests.m in Sources */ = {isa = PBXBuildFile; fileRef = 0B363F4120D16F3100978BDA /* Chatter_iOSUITests.m */; };
		0B363F5120D1743700978BDA /* PNController.m in Sources */ = {isa = PBXBuildFile; fileRef = 0B363F5020D1743700978BDA /* PNController.m */; };
		0B363F5520D1797100978BDA /* BudiesProvider.m in Sources */ = {isa = PBXBuildFile; fileRef = 0B363F5420D1797100978BDA /* BudiesProvider.m */; };
		0B363F5820D17A2300978BDA /* Buddy.m in Sources */ = {isa = PBXBuildFile; fileRef = 0B363F5720D17A2300978BDA /* Buddy.m */; };
		0B363F6020D231AA00978BDA /* Pods_Chatter_iOS.framework in Frameworks */ = {isa = PBXBuildFile; fileRef = 0B363F5F20D231AA00978BDA /* Pods_Chatter_iOS.framework */; };
		0B363F6420D25CFA00978BDA /* ChannelCell.m in Sources */ = {isa = PBXBuildFile; fileRef = 0B363F6220D25CFA00978BDA /* ChannelCell.m */; };
		0B363F6520D25CFA00978BDA /* ChannelCell.xib in Resources */ = {isa = PBXBuildFile; fileRef = 0B363F6320D25CFA00978BDA /* ChannelCell.xib */; };
		0B363F6920D25F6A00978BDA /* Channel.m in Sources */ = {isa = PBXBuildFile; fileRef = 0B363F6820D25F6A00978BDA /* Channel.m */; };
		0B363F6D20D477CF00978BDA /* BaseTableViewController.m in Sources */ = {isa = PBXBuildFile; fileRef = 0B363F6C20D477CF00978BDA /* BaseTableViewController.m */; };
		0B3991B020D8BCEA0026F695 /* Message.m in Sources */ = {isa = PBXBuildFile; fileRef = 0B3991AF20D8BCEA0026F695 /* Message.m */; };
		0B3991B420D8BDB70026F695 /* MessageCell.m in Sources */ = {isa = PBXBuildFile; fileRef = 0B3991B220D8BDB70026F695 /* MessageCell.m */; };
		0B3991B520D8BDB70026F695 /* MessageCell.xib in Resources */ = {isa = PBXBuildFile; fileRef = 0B3991B320D8BDB70026F695 /* MessageCell.xib */; };
/* End PBXBuildFile section */

/* Begin PBXContainerItemProxy section */
		0B363F3320D16F3100978BDA /* PBXContainerItemProxy */ = {
			isa = PBXContainerItemProxy;
			containerPortal = 0B363F1220D16F2F00978BDA /* Project object */;
			proxyType = 1;
			remoteGlobalIDString = 0B363F1920D16F2F00978BDA;
			remoteInfo = "Chatter-iOS";
		};
		0B363F3E20D16F3100978BDA /* PBXContainerItemProxy */ = {
			isa = PBXContainerItemProxy;
			containerPortal = 0B363F1220D16F2F00978BDA /* Project object */;
			proxyType = 1;
			remoteGlobalIDString = 0B363F1920D16F2F00978BDA;
			remoteInfo = "Chatter-iOS";
		};
/* End PBXContainerItemProxy section */

/* Begin PBXFileReference section */
		0B2CCDF820D78A9200C143ED /* ChannelsViewController.h */ = {isa = PBXFileReference; lastKnownFileType = sourcecode.c.h; path = ChannelsViewController.h; sourceTree = "<group>"; };
		0B2CCDF920D78A9200C143ED /* ChannelsViewController.m */ = {isa = PBXFileReference; lastKnownFileType = sourcecode.c.objc; path = ChannelsViewController.m; sourceTree = "<group>"; };
		0B2CCDFA20D78A9200C143ED /* ChannelsViewController.xib */ = {isa = PBXFileReference; lastKnownFileType = file.xib; path = ChannelsViewController.xib; sourceTree = "<group>"; };
		0B2CCDFD20D7930A00C143ED /* ChatViewController.h */ = {isa = PBXFileReference; lastKnownFileType = sourcecode.c.h; path = ChatViewController.h; sourceTree = "<group>"; };
		0B2CCDFE20D7930A00C143ED /* ChatViewController.m */ = {isa = PBXFileReference; lastKnownFileType = sourcecode.c.objc; path = ChatViewController.m; sourceTree = "<group>"; };
		0B363F1A20D16F2F00978BDA /* Chatter-iOS.app */ = {isa = PBXFileReference; explicitFileType = wrapper.application; includeInIndex = 0; path = "Chatter-iOS.app"; sourceTree = BUILT_PRODUCTS_DIR; };
		0B363F1D20D16F2F00978BDA /* AppDelegate.h */ = {isa = PBXFileReference; lastKnownFileType = sourcecode.c.h; path = AppDelegate.h; sourceTree = "<group>"; };
		0B363F1E20D16F2F00978BDA /* AppDelegate.m */ = {isa = PBXFileReference; lastKnownFileType = sourcecode.c.objc; path = AppDelegate.m; sourceTree = "<group>"; };
		0B363F2620D16F3100978BDA /* Assets.xcassets */ = {isa = PBXFileReference; lastKnownFileType = folder.assetcatalog; path = Assets.xcassets; sourceTree = "<group>"; };
		0B363F2920D16F3100978BDA /* Base */ = {isa = PBXFileReference; lastKnownFileType = file.storyboard; name = Base; path = Base.lproj/LaunchScreen.storyboard; sourceTree = "<group>"; };
		0B363F2B20D16F3100978BDA /* Info.plist */ = {isa = PBXFileReference; lastKnownFileType = text.plist.xml; path = Info.plist; sourceTree = "<group>"; };
		0B363F2C20D16F3100978BDA /* main.m */ = {isa = PBXFileReference; lastKnownFileType = sourcecode.c.objc; path = main.m; sourceTree = "<group>"; };
		0B363F3220D16F3100978BDA /* Chatter-iOSTests.xctest */ = {isa = PBXFileReference; explicitFileType = wrapper.cfbundle; includeInIndex = 0; path = "Chatter-iOSTests.xctest"; sourceTree = BUILT_PRODUCTS_DIR; };
		0B363F3620D16F3100978BDA /* Chatter_iOSTests.m */ = {isa = PBXFileReference; lastKnownFileType = sourcecode.c.objc; path = Chatter_iOSTests.m; sourceTree = "<group>"; };
		0B363F3820D16F3100978BDA /* Info.plist */ = {isa = PBXFileReference; lastKnownFileType = text.plist.xml; path = Info.plist; sourceTree = "<group>"; };
		0B363F3D20D16F3100978BDA /* Chatter-iOSUITests.xctest */ = {isa = PBXFileReference; explicitFileType = wrapper.cfbundle; includeInIndex = 0; path = "Chatter-iOSUITests.xctest"; sourceTree = BUILT_PRODUCTS_DIR; };
		0B363F4120D16F3100978BDA /* Chatter_iOSUITests.m */ = {isa = PBXFileReference; lastKnownFileType = sourcecode.c.objc; path = Chatter_iOSUITests.m; sourceTree = "<group>"; };
		0B363F4320D16F3100978BDA /* Info.plist */ = {isa = PBXFileReference; lastKnownFileType = text.plist.xml; path = Info.plist; sourceTree = "<group>"; };
		0B363F4F20D1743700978BDA /* PNController.h */ = {isa = PBXFileReference; lastKnownFileType = sourcecode.c.h; path = PNController.h; sourceTree = "<group>"; };
		0B363F5020D1743700978BDA /* PNController.m */ = {isa = PBXFileReference; lastKnownFileType = sourcecode.c.objc; path = PNController.m; sourceTree = "<group>"; };
		0B363F5220D176E600978BDA /* PNControllerHandler.h */ = {isa = PBXFileReference; lastKnownFileType = sourcecode.c.h; path = PNControllerHandler.h; sourceTree = "<group>"; };
		0B363F5320D1797100978BDA /* BudiesProvider.h */ = {isa = PBXFileReference; lastKnownFileType = sourcecode.c.h; path = BudiesProvider.h; sourceTree = "<group>"; };
		0B363F5420D1797100978BDA /* BudiesProvider.m */ = {isa = PBXFileReference; lastKnownFileType = sourcecode.c.objc; path = BudiesProvider.m; sourceTree = "<group>"; };
		0B363F5620D17A2300978BDA /* Buddy.h */ = {isa = PBXFileReference; lastKnownFileType = sourcecode.c.h; path = Buddy.h; sourceTree = "<group>"; };
		0B363F5720D17A2300978BDA /* Buddy.m */ = {isa = PBXFileReference; lastKnownFileType = sourcecode.c.objc; path = Buddy.m; sourceTree = "<group>"; };
		0B363F5F20D231AA00978BDA /* Pods_Chatter_iOS.framework */ = {isa = PBXFileReference; explicitFileType = wrapper.framework; path = Pods_Chatter_iOS.framework; sourceTree = BUILT_PRODUCTS_DIR; };
		0B363F6120D25CFA00978BDA /* ChannelCell.h */ = {isa = PBXFileReference; lastKnownFileType = sourcecode.c.h; path = ChannelCell.h; sourceTree = "<group>"; };
		0B363F6220D25CFA00978BDA /* ChannelCell.m */ = {isa = PBXFileReference; lastKnownFileType = sourcecode.c.objc; path = ChannelCell.m; sourceTree = "<group>"; };
		0B363F6320D25CFA00978BDA /* ChannelCell.xib */ = {isa = PBXFileReference; lastKnownFileType = file.xib; path = ChannelCell.xib; sourceTree = "<group>"; };
		0B363F6720D25F6A00978BDA /* Channel.h */ = {isa = PBXFileReference; lastKnownFileType = sourcecode.c.h; path = Channel.h; sourceTree = "<group>"; };
		0B363F6820D25F6A00978BDA /* Channel.m */ = {isa = PBXFileReference; lastKnownFileType = sourcecode.c.objc; path = Channel.m; sourceTree = "<group>"; };
		0B363F6B20D477CF00978BDA /* BaseTableViewController.h */ = {isa = PBXFileReference; lastKnownFileType = sourcecode.c.h; path = BaseTableViewController.h; sourceTree = "<group>"; };
		0B363F6C20D477CF00978BDA /* BaseTableViewController.m */ = {isa = PBXFileReference; lastKnownFileType = sourcecode.c.objc; path = BaseTableViewController.m; sourceTree = "<group>"; };
		0B363F7120D4787500978BDA /* IModel.h */ = {isa = PBXFileReference; lastKnownFileType = sourcecode.c.h; path = IModel.h; sourceTree = "<group>"; };
		0B3991AE20D8BCEA0026F695 /* Message.h */ = {isa = PBXFileReference; lastKnownFileType = sourcecode.c.h; path = Message.h; sourceTree = "<group>"; };
		0B3991AF20D8BCEA0026F695 /* Message.m */ = {isa = PBXFileReference; lastKnownFileType = sourcecode.c.objc; path = Message.m; sourceTree = "<group>"; };
		0B3991B120D8BDB70026F695 /* MessageCell.h */ = {isa = PBXFileReference; lastKnownFileType = sourcecode.c.h; path = MessageCell.h; sourceTree = "<group>"; };
		0B3991B220D8BDB70026F695 /* MessageCell.m */ = {isa = PBXFileReference; lastKnownFileType = sourcecode.c.objc; path = MessageCell.m; sourceTree = "<group>"; };
		0B3991B320D8BDB70026F695 /* MessageCell.xib */ = {isa = PBXFileReference; lastKnownFileType = file.xib; path = MessageCell.xib; sourceTree = "<group>"; };
		1BFD816F58074ED9E4496C17 /* Pods-Chatter-iOS.debug.xcconfig */ = {isa = PBXFileReference; includeInIndex = 1; lastKnownFileType = text.xcconfig; name = "Pods-Chatter-iOS.debug.xcconfig"; path = "Pods/Target Support Files/Pods-Chatter-iOS/Pods-Chatter-iOS.debug.xcconfig"; sourceTree = "<group>"; };
		2B190A01E27608F7148EC506 /* Pods-Chatter-iOS.release.xcconfig */ = {isa = PBXFileReference; includeInIndex = 1; lastKnownFileType = text.xcconfig; name = "Pods-Chatter-iOS.release.xcconfig"; path = "Pods/Target Support Files/Pods-Chatter-iOS/Pods-Chatter-iOS.release.xcconfig"; sourceTree = "<group>"; };
/* End PBXFileReference section */

/* Begin PBXFrameworksBuildPhase section */
		0B363F1720D16F2F00978BDA /* Frameworks */ = {
			isa = PBXFrameworksBuildPhase;
			buildActionMask = 2147483647;
			files = (
				0B363F6020D231AA00978BDA /* Pods_Chatter_iOS.framework in Frameworks */,
			);
			runOnlyForDeploymentPostprocessing = 0;
		};
		0B363F2F20D16F3100978BDA /* Frameworks */ = {
			isa = PBXFrameworksBuildPhase;
			buildActionMask = 2147483647;
			files = (
			);
			runOnlyForDeploymentPostprocessing = 0;
		};
		0B363F3A20D16F3100978BDA /* Frameworks */ = {
			isa = PBXFrameworksBuildPhase;
			buildActionMask = 2147483647;
			files = (
			);
			runOnlyForDeploymentPostprocessing = 0;
		};
/* End PBXFrameworksBuildPhase section */

/* Begin PBXGroup section */
		0B2CCE0020D8017D00C143ED /* Channels */ = {
			isa = PBXGroup;
			children = (
				0B2CCDF820D78A9200C143ED /* ChannelsViewController.h */,
				0B2CCDF920D78A9200C143ED /* ChannelsViewController.m */,
				0B2CCDFA20D78A9200C143ED /* ChannelsViewController.xib */,
			);
			path = Channels;
			sourceTree = "<group>";
		};
		0B2CCE0120D8018800C143ED /* Chat */ = {
			isa = PBXGroup;
			children = (
				0B2CCDFD20D7930A00C143ED /* ChatViewController.h */,
				0B2CCDFE20D7930A00C143ED /* ChatViewController.m */,
			);
			path = Chat;
			sourceTree = "<group>";
		};
		0B363F1120D16F2F00978BDA = {
			isa = PBXGroup;
			children = (
				0B363F1C20D16F2F00978BDA /* Chatter-iOS */,
				0B363F3520D16F3100978BDA /* Chatter-iOSTests */,
				0B363F4020D16F3100978BDA /* Chatter-iOSUITests */,
				0B363F1B20D16F2F00978BDA /* Products */,
				0D5761884534AF0B07B98C7B /* Pods */,
				C43F3C144D32E1D9DE75E522 /* Frameworks */,
			);
			sourceTree = "<group>";
		};
		0B363F1B20D16F2F00978BDA /* Products */ = {
			isa = PBXGroup;
			children = (
				0B363F1A20D16F2F00978BDA /* Chatter-iOS.app */,
				0B363F3220D16F3100978BDA /* Chatter-iOSTests.xctest */,
				0B363F3D20D16F3100978BDA /* Chatter-iOSUITests.xctest */,
			);
			name = Products;
			sourceTree = "<group>";
		};
		0B363F1C20D16F2F00978BDA /* Chatter-iOS */ = {
			isa = PBXGroup;
			children = (
				0B363F6A20D477AB00978BDA /* Controllers */,
				0B363F5B20D1801800978BDA /* Providers */,
				0B363F5A20D1801100978BDA /* PNController */,
				0B363F5920D17FFC00978BDA /* Models */,
				0B363F1D20D16F2F00978BDA /* AppDelegate.h */,
				0B363F1E20D16F2F00978BDA /* AppDelegate.m */,
				0B363F2620D16F3100978BDA /* Assets.xcassets */,
				0B363F2820D16F3100978BDA /* LaunchScreen.storyboard */,
				0B363F2B20D16F3100978BDA /* Info.plist */,
				0B363F6620D25D0100978BDA /* Cells */,
				0B363F2C20D16F3100978BDA /* main.m */,
			);
			path = "Chatter-iOS";
			sourceTree = "<group>";
		};
		0B363F3520D16F3100978BDA /* Chatter-iOSTests */ = {
			isa = PBXGroup;
			children = (
				0B363F3620D16F3100978BDA /* Chatter_iOSTests.m */,
				0B363F3820D16F3100978BDA /* Info.plist */,
			);
			path = "Chatter-iOSTests";
			sourceTree = "<group>";
		};
		0B363F4020D16F3100978BDA /* Chatter-iOSUITests */ = {
			isa = PBXGroup;
			children = (
				0B363F4120D16F3100978BDA /* Chatter_iOSUITests.m */,
				0B363F4320D16F3100978BDA /* Info.plist */,
			);
			path = "Chatter-iOSUITests";
			sourceTree = "<group>";
		};
		0B363F5920D17FFC00978BDA /* Models */ = {
			isa = PBXGroup;
			children = (
				0B363F7220D478DA00978BDA /* Protocols */,
				0B363F5620D17A2300978BDA /* Buddy.h */,
				0B363F5720D17A2300978BDA /* Buddy.m */,
				0B363F6720D25F6A00978BDA /* Channel.h */,
				0B363F6820D25F6A00978BDA /* Channel.m */,
				0B3991AE20D8BCEA0026F695 /* Message.h */,
				0B3991AF20D8BCEA0026F695 /* Message.m */,
			);
			path = Models;
			sourceTree = "<group>";
		};
		0B363F5A20D1801100978BDA /* PNController */ = {
			isa = PBXGroup;
			children = (
				0B363F5C20D1803300978BDA /* Protocols */,
				0B363F4F20D1743700978BDA /* PNController.h */,
				0B363F5020D1743700978BDA /* PNController.m */,
			);
			path = PNController;
			sourceTree = "<group>";
		};
		0B363F5B20D1801800978BDA /* Providers */ = {
			isa = PBXGroup;
			children = (
				0B363F5320D1797100978BDA /* BudiesProvider.h */,
				0B363F5420D1797100978BDA /* BudiesProvider.m */,
			);
			path = Providers;
			sourceTree = "<group>";
		};
		0B363F5C20D1803300978BDA /* Protocols */ = {
			isa = PBXGroup;
			children = (
				0B363F5220D176E600978BDA /* PNControllerHandler.h */,
			);
			path = Protocols;
			sourceTree = "<group>";
		};
		0B363F6620D25D0100978BDA /* Cells */ = {
			isa = PBXGroup;
			children = (
				0B363F6120D25CFA00978BDA /* ChannelCell.h */,
				0B363F6220D25CFA00978BDA /* ChannelCell.m */,
				0B363F6320D25CFA00978BDA /* ChannelCell.xib */,
				0B3991B120D8BDB70026F695 /* MessageCell.h */,
				0B3991B220D8BDB70026F695 /* MessageCell.m */,
				0B3991B320D8BDB70026F695 /* MessageCell.xib */,
			);
			path = Cells;
			sourceTree = "<group>";
		};
		0B363F6A20D477AB00978BDA /* Controllers */ = {
			isa = PBXGroup;
			children = (
				0B2CCE0120D8018800C143ED /* Chat */,
				0B2CCE0020D8017D00C143ED /* Channels */,
				0B363F6B20D477CF00978BDA /* BaseTableViewController.h */,
				0B363F6C20D477CF00978BDA /* BaseTableViewController.m */,
			);
			path = Controllers;
			sourceTree = "<group>";
		};
		0B363F7220D478DA00978BDA /* Protocols */ = {
			isa = PBXGroup;
			children = (
				0B363F7120D4787500978BDA /* IModel.h */,
			);
			path = Protocols;
			sourceTree = "<group>";
		};
		0D5761884534AF0B07B98C7B /* Pods */ = {
			isa = PBXGroup;
			children = (
				1BFD816F58074ED9E4496C17 /* Pods-Chatter-iOS.debug.xcconfig */,
				2B190A01E27608F7148EC506 /* Pods-Chatter-iOS.release.xcconfig */,
			);
			name = Pods;
			sourceTree = "<group>";
		};
		C43F3C144D32E1D9DE75E522 /* Frameworks */ = {
			isa = PBXGroup;
			children = (
				0B363F5F20D231AA00978BDA /* Pods_Chatter_iOS.framework */,
			);
			name = Frameworks;
			sourceTree = "<group>";
		};
/* End PBXGroup section */

/* Begin PBXNativeTarget section */
		0B363F1920D16F2F00978BDA /* Chatter-iOS */ = {
			isa = PBXNativeTarget;
			buildConfigurationList = 0B363F4620D16F3100978BDA /* Build configuration list for PBXNativeTarget "Chatter-iOS" */;
			buildPhases = (
				BDD54A3EC65F521C39F6E832 /* [CP] Check Pods Manifest.lock */,
				0B363F1620D16F2F00978BDA /* Sources */,
				0B363F1720D16F2F00978BDA /* Frameworks */,
				0B363F1820D16F2F00978BDA /* Resources */,
				FD0964EA5B108BE335C9C2D2 /* [CP] Embed Pods Frameworks */,
			);
			buildRules = (
			);
			dependencies = (
			);
			name = "Chatter-iOS";
			productName = "Chatter-iOS";
			productReference = 0B363F1A20D16F2F00978BDA /* Chatter-iOS.app */;
			productType = "com.apple.product-type.application";
		};
		0B363F3120D16F3100978BDA /* Chatter-iOSTests */ = {
			isa = PBXNativeTarget;
			buildConfigurationList = 0B363F4920D16F3100978BDA /* Build configuration list for PBXNativeTarget "Chatter-iOSTests" */;
			buildPhases = (
				0B363F2E20D16F3100978BDA /* Sources */,
				0B363F2F20D16F3100978BDA /* Frameworks */,
				0B363F3020D16F3100978BDA /* Resources */,
			);
			buildRules = (
			);
			dependencies = (
				0B363F3420D16F3100978BDA /* PBXTargetDependency */,
			);
			name = "Chatter-iOSTests";
			productName = "Chatter-iOSTests";
			productReference = 0B363F3220D16F3100978BDA /* Chatter-iOSTests.xctest */;
			productType = "com.apple.product-type.bundle.unit-test";
		};
		0B363F3C20D16F3100978BDA /* Chatter-iOSUITests */ = {
			isa = PBXNativeTarget;
			buildConfigurationList = 0B363F4C20D16F3100978BDA /* Build configuration list for PBXNativeTarget "Chatter-iOSUITests" */;
			buildPhases = (
				0B363F3920D16F3100978BDA /* Sources */,
				0B363F3A20D16F3100978BDA /* Frameworks */,
				0B363F3B20D16F3100978BDA /* Resources */,
			);
			buildRules = (
			);
			dependencies = (
				0B363F3F20D16F3100978BDA /* PBXTargetDependency */,
			);
			name = "Chatter-iOSUITests";
			productName = "Chatter-iOSUITests";
			productReference = 0B363F3D20D16F3100978BDA /* Chatter-iOSUITests.xctest */;
			productType = "com.apple.product-type.bundle.ui-testing";
		};
/* End PBXNativeTarget section */

/* Begin PBXProject section */
		0B363F1220D16F2F00978BDA /* Project object */ = {
			isa = PBXProject;
			attributes = {
				LastUpgradeCheck = 0930;
				ORGANIZATIONNAME = "Carlos Bedoy";
				TargetAttributes = {
					0B363F1920D16F2F00978BDA = {
						CreatedOnToolsVersion = 9.3.1;
					};
					0B363F3120D16F3100978BDA = {
						CreatedOnToolsVersion = 9.3.1;
						TestTargetID = 0B363F1920D16F2F00978BDA;
					};
					0B363F3C20D16F3100978BDA = {
						CreatedOnToolsVersion = 9.3.1;
						TestTargetID = 0B363F1920D16F2F00978BDA;
					};
				};
			};
			buildConfigurationList = 0B363F1520D16F2F00978BDA /* Build configuration list for PBXProject "Chatter-iOS" */;
			compatibilityVersion = "Xcode 9.3";
			developmentRegion = en;
			hasScannedForEncodings = 0;
			knownRegions = (
				en,
				Base,
			);
			mainGroup = 0B363F1120D16F2F00978BDA;
			productRefGroup = 0B363F1B20D16F2F00978BDA /* Products */;
			projectDirPath = "";
			projectRoot = "";
			targets = (
				0B363F1920D16F2F00978BDA /* Chatter-iOS */,
				0B363F3120D16F3100978BDA /* Chatter-iOSTests */,
				0B363F3C20D16F3100978BDA /* Chatter-iOSUITests */,
			);
		};
/* End PBXProject section */

/* Begin PBXResourcesBuildPhase section */
		0B363F1820D16F2F00978BDA /* Resources */ = {
			isa = PBXResourcesBuildPhase;
			buildActionMask = 2147483647;
			files = (
				0B3991B520D8BDB70026F695 /* MessageCell.xib in Resources */,
				0B363F2A20D16F3100978BDA /* LaunchScreen.storyboard in Resources */,
				0B363F6520D25CFA00978BDA /* ChannelCell.xib in Resources */,
				0B2CCDFC20D78A9200C143ED /* ChannelsViewController.xib in Resources */,
				0B363F2720D16F3100978BDA /* Assets.xcassets in Resources */,
			);
			runOnlyForDeploymentPostprocessing = 0;
		};
		0B363F3020D16F3100978BDA /* Resources */ = {
			isa = PBXResourcesBuildPhase;
			buildActionMask = 2147483647;
			files = (
			);
			runOnlyForDeploymentPostprocessing = 0;
		};
		0B363F3B20D16F3100978BDA /* Resources */ = {
			isa = PBXResourcesBuildPhase;
			buildActionMask = 2147483647;
			files = (
			);
			runOnlyForDeploymentPostprocessing = 0;
		};
/* End PBXResourcesBuildPhase section */

/* Begin PBXShellScriptBuildPhase section */
		BDD54A3EC65F521C39F6E832 /* [CP] Check Pods Manifest.lock */ = {
			isa = PBXShellScriptBuildPhase;
			buildActionMask = 2147483647;
			files = (
			);
			inputPaths = (
				"${PODS_PODFILE_DIR_PATH}/Podfile.lock",
				"${PODS_ROOT}/Manifest.lock",
			);
			name = "[CP] Check Pods Manifest.lock";
			outputPaths = (
				"$(DERIVED_FILE_DIR)/Pods-Chatter-iOS-checkManifestLockResult.txt",
			);
			runOnlyForDeploymentPostprocessing = 0;
			shellPath = /bin/sh;
			shellScript = "diff \"${PODS_PODFILE_DIR_PATH}/Podfile.lock\" \"${PODS_ROOT}/Manifest.lock\" > /dev/null\nif [ $? != 0 ] ; then\n    # print error to STDERR\n    echo \"error: The sandbox is not in sync with the Podfile.lock. Run 'pod install' or update your CocoaPods installation.\" >&2\n    exit 1\nfi\n# This output is used by Xcode 'outputs' to avoid re-running this script phase.\necho \"SUCCESS\" > \"${SCRIPT_OUTPUT_FILE_0}\"\n";
			showEnvVarsInLog = 0;
		};
		FD0964EA5B108BE335C9C2D2 /* [CP] Embed Pods Frameworks */ = {
			isa = PBXShellScriptBuildPhase;
			buildActionMask = 2147483647;
			files = (
			);
			inputPaths = (
				"${SRCROOT}/Pods/Target Support Files/Pods-Chatter-iOS/Pods-Chatter-iOS-frameworks.sh",
				"${BUILT_PRODUCTS_DIR}/PubNub/PubNub.framework",
				"${BUILT_PRODUCTS_DIR}/SDWebImage/SDWebImage.framework",
				"${BUILT_PRODUCTS_DIR}/SlackTextViewController/SlackTextViewController.framework",
			);
			name = "[CP] Embed Pods Frameworks";
			outputPaths = (
				"${TARGET_BUILD_DIR}/${FRAMEWORKS_FOLDER_PATH}/PubNub.framework",
				"${TARGET_BUILD_DIR}/${FRAMEWORKS_FOLDER_PATH}/SDWebImage.framework",
				"${TARGET_BUILD_DIR}/${FRAMEWORKS_FOLDER_PATH}/SlackTextViewController.framework",
			);
			runOnlyForDeploymentPostprocessing = 0;
			shellPath = /bin/sh;
			shellScript = "\"${SRCROOT}/Pods/Target Support Files/Pods-Chatter-iOS/Pods-Chatter-iOS-frameworks.sh\"\n";
			showEnvVarsInLog = 0;
		};
/* End PBXShellScriptBuildPhase section */

/* Begin PBXSourcesBuildPhase section */
		0B363F1620D16F2F00978BDA /* Sources */ = {
			isa = PBXSourcesBuildPhase;
			buildActionMask = 2147483647;
			files = (
				0B363F5820D17A2300978BDA /* Buddy.m in Sources */,
				0B363F6D20D477CF00978BDA /* BaseTableViewController.m in Sources */,
				0B363F2D20D16F3100978BDA /* main.m in Sources */,
				0B2CCDFF20D7930A00C143ED /* ChatViewController.m in Sources */,
				0B2CCDFB20D78A9200C143ED /* ChannelsViewController.m in Sources */,
				0B363F1F20D16F2F00978BDA /* AppDelegate.m in Sources */,
				0B363F5520D1797100978BDA /* BudiesProvider.m in Sources */,
				0B363F6920D25F6A00978BDA /* Channel.m in Sources */,
				0B363F5120D1743700978BDA /* PNController.m in Sources */,
				0B3991B420D8BDB70026F695 /* MessageCell.m in Sources */,
				0B3991B020D8BCEA0026F695 /* Message.m in Sources */,
				0B363F6420D25CFA00978BDA /* ChannelCell.m in Sources */,
			);
			runOnlyForDeploymentPostprocessing = 0;
		};
		0B363F2E20D16F3100978BDA /* Sources */ = {
			isa = PBXSourcesBuildPhase;
			buildActionMask = 2147483647;
			files = (
				0B363F3720D16F3100978BDA /* Chatter_iOSTests.m in Sources */,
			);
			runOnlyForDeploymentPostprocessing = 0;
		};
		0B363F3920D16F3100978BDA /* Sources */ = {
			isa = PBXSourcesBuildPhase;
			buildActionMask = 2147483647;
			files = (
				0B363F4220D16F3100978BDA /* Chatter_iOSUITests.m in Sources */,
			);
			runOnlyForDeploymentPostprocessing = 0;
		};
/* End PBXSourcesBuildPhase section */

/* Begin PBXTargetDependency section */
		0B363F3420D16F3100978BDA /* PBXTargetDependency */ = {
			isa = PBXTargetDependency;
			target = 0B363F1920D16F2F00978BDA /* Chatter-iOS */;
			targetProxy = 0B363F3320D16F3100978BDA /* PBXContainerItemProxy */;
		};
		0B363F3F20D16F3100978BDA /* PBXTargetDependency */ = {
			isa = PBXTargetDependency;
			target = 0B363F1920D16F2F00978BDA /* Chatter-iOS */;
			targetProxy = 0B363F3E20D16F3100978BDA /* PBXContainerItemProxy */;
		};
/* End PBXTargetDependency section */

/* Begin PBXVariantGroup section */
		0B363F2820D16F3100978BDA /* LaunchScreen.storyboard */ = {
			isa = PBXVariantGroup;
			children = (
				0B363F2920D16F3100978BDA /* Base */,
			);
			name = LaunchScreen.storyboard;
			sourceTree = "<group>";
		};
/* End PBXVariantGroup section */

/* Begin XCBuildConfiguration section */
		0B363F4420D16F3100978BDA /* Debug */ = {
			isa = XCBuildConfiguration;
			buildSettings = {
				ALWAYS_SEARCH_USER_PATHS = NO;
				CLANG_ANALYZER_NONNULL = YES;
				CLANG_ANALYZER_NUMBER_OBJECT_CONVERSION = YES_AGGRESSIVE;
				CLANG_CXX_LANGUAGE_STANDARD = "gnu++14";
				CLANG_CXX_LIBRARY = "libc++";
				CLANG_ENABLE_MODULES = YES;
				CLANG_ENABLE_OBJC_ARC = YES;
				CLANG_ENABLE_OBJC_WEAK = YES;
				CLANG_WARN_BLOCK_CAPTURE_AUTORELEASING = YES;
				CLANG_WARN_BOOL_CONVERSION = YES;
				CLANG_WARN_COMMA = YES;
				CLANG_WARN_CONSTANT_CONVERSION = YES;
				CLANG_WARN_DEPRECATED_OBJC_IMPLEMENTATIONS = YES;
				CLANG_WARN_DIRECT_OBJC_ISA_USAGE = YES_ERROR;
				CLANG_WARN_DOCUMENTATION_COMMENTS = YES;
				CLANG_WARN_EMPTY_BODY = YES;
				CLANG_WARN_ENUM_CONVERSION = YES;
				CLANG_WARN_INFINITE_RECURSION = YES;
				CLANG_WARN_INT_CONVERSION = YES;
				CLANG_WARN_NON_LITERAL_NULL_CONVERSION = YES;
				CLANG_WARN_OBJC_IMPLICIT_RETAIN_SELF = YES;
				CLANG_WARN_OBJC_LITERAL_CONVERSION = YES;
				CLANG_WARN_OBJC_ROOT_CLASS = YES_ERROR;
				CLANG_WARN_RANGE_LOOP_ANALYSIS = YES;
				CLANG_WARN_STRICT_PROTOTYPES = YES;
				CLANG_WARN_SUSPICIOUS_MOVE = YES;
				CLANG_WARN_UNGUARDED_AVAILABILITY = YES_AGGRESSIVE;
				CLANG_WARN_UNREACHABLE_CODE = YES;
				CLANG_WARN__DUPLICATE_METHOD_MATCH = YES;
				CODE_SIGN_IDENTITY = "iPhone Developer";
				COPY_PHASE_STRIP = NO;
				DEBUG_INFORMATION_FORMAT = dwarf;
				ENABLE_STRICT_OBJC_MSGSEND = YES;
				ENABLE_TESTABILITY = YES;
				GCC_C_LANGUAGE_STANDARD = gnu11;
				GCC_DYNAMIC_NO_PIC = NO;
				GCC_NO_COMMON_BLOCKS = YES;
				GCC_OPTIMIZATION_LEVEL = 0;
				GCC_PREPROCESSOR_DEFINITIONS = (
					"DEBUG=1",
					"$(inherited)",
				);
				GCC_WARN_64_TO_32_BIT_CONVERSION = YES;
				GCC_WARN_ABOUT_RETURN_TYPE = YES_ERROR;
				GCC_WARN_UNDECLARED_SELECTOR = YES;
				GCC_WARN_UNINITIALIZED_AUTOS = YES_AGGRESSIVE;
				GCC_WARN_UNUSED_FUNCTION = YES;
				GCC_WARN_UNUSED_VARIABLE = YES;
				IPHONEOS_DEPLOYMENT_TARGET = 11.3;
				MTL_ENABLE_DEBUG_INFO = YES;
				ONLY_ACTIVE_ARCH = YES;
				SDKROOT = iphoneos;
			};
			name = Debug;
		};
		0B363F4520D16F3100978BDA /* Release */ = {
			isa = XCBuildConfiguration;
			buildSettings = {
				ALWAYS_SEARCH_USER_PATHS = NO;
				CLANG_ANALYZER_NONNULL = YES;
				CLANG_ANALYZER_NUMBER_OBJECT_CONVERSION = YES_AGGRESSIVE;
				CLANG_CXX_LANGUAGE_STANDARD = "gnu++14";
				CLANG_CXX_LIBRARY = "libc++";
				CLANG_ENABLE_MODULES = YES;
				CLANG_ENABLE_OBJC_ARC = YES;
				CLANG_ENABLE_OBJC_WEAK = YES;
				CLANG_WARN_BLOCK_CAPTURE_AUTORELEASING = YES;
				CLANG_WARN_BOOL_CONVERSION = YES;
				CLANG_WARN_COMMA = YES;
				CLANG_WARN_CONSTANT_CONVERSION = YES;
				CLANG_WARN_DEPRECATED_OBJC_IMPLEMENTATIONS = YES;
				CLANG_WARN_DIRECT_OBJC_ISA_USAGE = YES_ERROR;
				CLANG_WARN_DOCUMENTATION_COMMENTS = YES;
				CLANG_WARN_EMPTY_BODY = YES;
				CLANG_WARN_ENUM_CONVERSION = YES;
				CLANG_WARN_INFINITE_RECURSION = YES;
				CLANG_WARN_INT_CONVERSION = YES;
				CLANG_WARN_NON_LITERAL_NULL_CONVERSION = YES;
				CLANG_WARN_OBJC_IMPLICIT_RETAIN_SELF = YES;
				CLANG_WARN_OBJC_LITERAL_CONVERSION = YES;
				CLANG_WARN_OBJC_ROOT_CLASS = YES_ERROR;
				CLANG_WARN_RANGE_LOOP_ANALYSIS = YES;
				CLANG_WARN_STRICT_PROTOTYPES = YES;
				CLANG_WARN_SUSPICIOUS_MOVE = YES;
				CLANG_WARN_UNGUARDED_AVAILABILITY = YES_AGGRESSIVE;
				CLANG_WARN_UNREACHABLE_CODE = YES;
				CLANG_WARN__DUPLICATE_METHOD_MATCH = YES;
				CODE_SIGN_IDENTITY = "iPhone Developer";
				COPY_PHASE_STRIP = NO;
				DEBUG_INFORMATION_FORMAT = "dwarf-with-dsym";
				ENABLE_NS_ASSERTIONS = NO;
				ENABLE_STRICT_OBJC_MSGSEND = YES;
				GCC_C_LANGUAGE_STANDARD = gnu11;
				GCC_NO_COMMON_BLOCKS = YES;
				GCC_WARN_64_TO_32_BIT_CONVERSION = YES;
				GCC_WARN_ABOUT_RETURN_TYPE = YES_ERROR;
				GCC_WARN_UNDECLARED_SELECTOR = YES;
				GCC_WARN_UNINITIALIZED_AUTOS = YES_AGGRESSIVE;
				GCC_WARN_UNUSED_FUNCTION = YES;
				GCC_WARN_UNUSED_VARIABLE = YES;
				IPHONEOS_DEPLOYMENT_TARGET = 11.3;
				MTL_ENABLE_DEBUG_INFO = NO;
				SDKROOT = iphoneos;
				VALIDATE_PRODUCT = YES;
			};
			name = Release;
		};
		0B363F4720D16F3100978BDA /* Debug */ = {
			isa = XCBuildConfiguration;
			baseConfigurationReference = 1BFD816F58074ED9E4496C17 /* Pods-Chatter-iOS.debug.xcconfig */;
			buildSettings = {
				ASSETCATALOG_COMPILER_APPICON_NAME = AppIcon;
				CODE_SIGN_STYLE = Automatic;
				DEVELOPMENT_TEAM = 2TRAG48JQW;
				INFOPLIST_FILE = "Chatter-iOS/Info.plist";
				LD_RUNPATH_SEARCH_PATHS = (
					"$(inherited)",
					"@executable_path/Frameworks",
				);
				PRODUCT_BUNDLE_IDENTIFIER = "iambedoy.Chatter-iOS";
				PRODUCT_NAME = "$(TARGET_NAME)";
				TARGETED_DEVICE_FAMILY = "1,2";
			};
			name = Debug;
		};
		0B363F4820D16F3100978BDA /* Release */ = {
			isa = XCBuildConfiguration;
			baseConfigurationReference = 2B190A01E27608F7148EC506 /* Pods-Chatter-iOS.release.xcconfig */;
			buildSettings = {
				ASSETCATALOG_COMPILER_APPICON_NAME = AppIcon;
				CODE_SIGN_STYLE = Automatic;
				DEVELOPMENT_TEAM = 2TRAG48JQW;
				INFOPLIST_FILE = "Chatter-iOS/Info.plist";
				LD_RUNPATH_SEARCH_PATHS = (
					"$(inherited)",
					"@executable_path/Frameworks",
				);
				PRODUCT_BUNDLE_IDENTIFIER = "iambedoy.Chatter-iOS";
				PRODUCT_NAME = "$(TARGET_NAME)";
				TARGETED_DEVICE_FAMILY = "1,2";
			};
			name = Release;
		};
		0B363F4A20D16F3100978BDA /* Debug */ = {
			isa = XCBuildConfiguration;
			buildSettings = {
				BUNDLE_LOADER = "$(TEST_HOST)";
				CODE_SIGN_STYLE = Automatic;
				DEVELOPMENT_TEAM = 2TRAG48JQW;
				INFOPLIST_FILE = "Chatter-iOSTests/Info.plist";
				LD_RUNPATH_SEARCH_PATHS = (
					"$(inherited)",
					"@executable_path/Frameworks",
					"@loader_path/Frameworks",
				);
				PRODUCT_BUNDLE_IDENTIFIER = "iambedoy.Chatter-iOSTests";
				PRODUCT_NAME = "$(TARGET_NAME)";
				TARGETED_DEVICE_FAMILY = "1,2";
				TEST_HOST = "$(BUILT_PRODUCTS_DIR)/Chatter-iOS.app/Chatter-iOS";
			};
			name = Debug;
		};
		0B363F4B20D16F3100978BDA /* Release */ = {
			isa = XCBuildConfiguration;
			buildSettings = {
				BUNDLE_LOADER = "$(TEST_HOST)";
				CODE_SIGN_STYLE = Automatic;
				DEVELOPMENT_TEAM = 2TRAG48JQW;
				INFOPLIST_FILE = "Chatter-iOSTests/Info.plist";
				LD_RUNPATH_SEARCH_PATHS = (
					"$(inherited)",
					"@executable_path/Frameworks",
					"@loader_path/Frameworks",
				);
				PRODUCT_BUNDLE_IDENTIFIER = "iambedoy.Chatter-iOSTests";
				PRODUCT_NAME = "$(TARGET_NAME)";
				TARGETED_DEVICE_FAMILY = "1,2";
				TEST_HOST = "$(BUILT_PRODUCTS_DIR)/Chatter-iOS.app/Chatter-iOS";
			};
			name = Release;
		};
		0B363F4D20D16F3100978BDA /* Debug */ = {
			isa = XCBuildConfiguration;
			buildSettings = {
				CODE_SIGN_STYLE = Automatic;
				DEVELOPMENT_TEAM = 2TRAG48JQW;
				INFOPLIST_FILE = "Chatter-iOSUITests/Info.plist";
				LD_RUNPATH_SEARCH_PATHS = (
					"$(inherited)",
					"@executable_path/Frameworks",
					"@loader_path/Frameworks",
				);
				PRODUCT_BUNDLE_IDENTIFIER = "iambedoy.Chatter-iOSUITests";
				PRODUCT_NAME = "$(TARGET_NAME)";
				TARGETED_DEVICE_FAMILY = "1,2";
				TEST_TARGET_NAME = "Chatter-iOS";
			};
			name = Debug;
		};
		0B363F4E20D16F3100978BDA /* Release */ = {
			isa = XCBuildConfiguration;
			buildSettings = {
				CODE_SIGN_STYLE = Automatic;
				DEVELOPMENT_TEAM = 2TRAG48JQW;
				INFOPLIST_FILE = "Chatter-iOSUITests/Info.plist";
				LD_RUNPATH_SEARCH_PATHS = (
					"$(inherited)",
					"@executable_path/Frameworks",
					"@loader_path/Frameworks",
				);
				PRODUCT_BUNDLE_IDENTIFIER = "iambedoy.Chatter-iOSUITests";
				PRODUCT_NAME = "$(TARGET_NAME)";
				TARGETED_DEVICE_FAMILY = "1,2";
				TEST_TARGET_NAME = "Chatter-iOS";
			};
			name = Release;
		};
/* End XCBuildConfiguration section */

/* Begin XCConfigurationList section */
		0B363F1520D16F2F00978BDA /* Build configuration list for PBXProject "Chatter-iOS" */ = {
			isa = XCConfigurationList;
			buildConfigurations = (
				0B363F4420D16F3100978BDA /* Debug */,
				0B363F4520D16F3100978BDA /* Release */,
			);
			defaultConfigurationIsVisible = 0;
			defaultConfigurationName = Release;
		};
		0B363F4620D16F3100978BDA /* Build configuration list for PBXNativeTarget "Chatter-iOS" */ = {
			isa = XCConfigurationList;
			buildConfigurations = (
				0B363F4720D16F3100978BDA /* Debug */,
				0B363F4820D16F3100978BDA /* Release */,
			);
			defaultConfigurationIsVisible = 0;
			defaultConfigurationName = Release;
		};
		0B363F4920D16F3100978BDA /* Build configuration list for PBXNativeTarget "Chatter-iOSTests" */ = {
			isa = XCConfigurationList;
			buildConfigurations = (
				0B363F4A20D16F3100978BDA /* Debug */,
				0B363F4B20D16F3100978BDA /* Release */,
			);
			defaultConfigurationIsVisible = 0;
			defaultConfigurationName = Release;
		};
		0B363F4C20D16F3100978BDA /* Build configuration list for PBXNativeTarget "Chatter-iOSUITests" */ = {
			isa = XCConfigurationList;
			buildConfigurations = (
				0B363F4D20D16F3100978BDA /* Debug */,
				0B363F4E20D16F3100978BDA /* Release */,
			);
			defaultConfigurationIsVisible = 0;
			defaultConfigurationName = Release;
		};
/* End XCConfigurationList section */
	};
	rootObject = 0B363F1220D16F2F00978BDA /* Project object */;
}
